
Microsoft Visual Studio Solution File, Format Version 12.00
# Visual Studio Version 16
VisualStudioVersion = 16.0.32002.261
MinimumVisualStudioVersion = 10.0.40219.1
Project("{FAE04EC0-301F-11D3-BF4B-00C04F79EFBC}") = "MovieCollectionApp", "MovieCollectionApp\MovieCollectionApp.csproj", "{F5A8DDBA-8BBF-4CCE-B1EA-A88B0573B821}"
EndProject
Global
	GlobalSection(SolutionConfigurationPlatforms) = preSolution
		Debug|Any CPU = Debug|Any CPU
		Release|Any CPU = Release|Any CPU
	EndGlobalSection
	GlobalSection(ProjectConfigurationPlatforms) = postSolution
		{F5A8DDBA-8BBF-4CCE-B1EA-A88B0573B821}.Debug|Any CPU.ActiveCfg = Debug|Any CPU
		{F5A8DDBA-8BBF-4CCE-B1EA-A88B0573B821}.Debug|Any CPU.Build.0 = Debug|Any CPU
		{F5A8DDBA-8BBF-4CCE-B1EA-A88B0573B821}.Release|Any CPU.ActiveCfg = Release|Any CPU
		{F5A8DDBA-8BBF-4CCE-B1EA-A88B0573B821}.Release|Any CPU.Build.0 = Release|Any CPU
	EndGlobalSection
	GlobalSection(SolutionProperties) = preSolution
		HideSolutionNode = FALSE
	EndGlobalSection
	GlobalSection(ExtensibilityGlobals) = postSolution
		SolutionGuid = {E6EBDC9C-BB57-4D2E-AB28-D133DC0FDB95}
	EndGlobalSection
EndGlobal
